
Microsoft Visual Studio Solution File, Format Version 12.00
# Visual Studio Version 16
VisualStudioVersion = 16.0.31424.327
MinimumVisualStudioVersion = 10.0.40219.1
Project("{F2A71F9B-5D33-465A-A702-920D77279786}") = "HelseID m2m app", "HelseID m2m app\HelseID m2m app.fsproj", "{BE461BF4-9494-427E-A9C7-67F9E2B3B11B}"
EndProject
Global
	GlobalSection(SolutionConfigurationPlatforms) = preSolution
		Debug|Any CPU = Debug|Any CPU
		Release|Any CPU = Release|Any CPU
	EndGlobalSection
	GlobalSection(ProjectConfigurationPlatforms) = postSolution
		{BE461BF4-9494-427E-A9C7-67F9E2B3B11B}.Debug|Any CPU.ActiveCfg = Debug|Any CPU
		{BE461BF4-9494-427E-A9C7-67F9E2B3B11B}.Debug|Any CPU.Build.0 = Debug|Any CPU
		{BE461BF4-9494-427E-A9C7-67F9E2B3B11B}.Release|Any CPU.ActiveCfg = Release|Any CPU
		{BE461BF4-9494-427E-A9C7-67F9E2B3B11B}.Release|Any CPU.Build.0 = Release|Any CPU
	EndGlobalSection
	GlobalSection(SolutionProperties) = preSolution
		HideSolutionNode = FALSE
	EndGlobalSection
	GlobalSection(ExtensibilityGlobals) = postSolution
		SolutionGuid = {45BCF8C7-4073-4620-8809-5DB796E448B9}
	EndGlobalSection
EndGlobal
